
Microsoft Visual Studio Solution File, Format Version 12.00
# Visual Studio Version 17
VisualStudioVersion = 17.3.32929.385
MinimumVisualStudioVersion = 10.0.40219.1
Project("{9A19103F-16F7-4668-BE54-9A1E7A4F7556}") = "ITBees.SimpleTaskScheduler", "ITBees.SimpleTaskScheduler\ITBees.SimpleTaskScheduler.csproj", "{A2A0623E-5D91-41F5-967E-401565DE0EAD}"
EndProject
Project("{FAE04EC0-301F-11D3-BF4B-00C04F79EFBC}") = "ITBees.SimpleTaskScheduler.UnitTests", "ITBees.SimpleTaskScheduler.UnitTests\ITBees.SimpleTaskScheduler.UnitTests.csproj", "{525B9C33-24CA-4DCD-96F3-A27213A8BC00}"
EndProject
Global
	GlobalSection(SolutionConfigurationPlatforms) = preSolution
		Debug|Any CPU = Debug|Any CPU
		Release|Any CPU = Release|Any CPU
	EndGlobalSection
	GlobalSection(ProjectConfigurationPlatforms) = postSolution
		{A2A0623E-5D91-41F5-967E-401565DE0EAD}.Debug|Any CPU.ActiveCfg = Debug|Any CPU
		{A2A0623E-5D91-41F5-967E-401565DE0EAD}.Debug|Any CPU.Build.0 = Debug|Any CPU
		{A2A0623E-5D91-41F5-967E-401565DE0EAD}.Release|Any CPU.ActiveCfg = Release|Any CPU
		{A2A0623E-5D91-41F5-967E-401565DE0EAD}.Release|Any CPU.Build.0 = Release|Any CPU
		{525B9C33-24CA-4DCD-96F3-A27213A8BC00}.Debug|Any CPU.ActiveCfg = Debug|Any CPU
		{525B9C33-24CA-4DCD-96F3-A27213A8BC00}.Debug|Any CPU.Build.0 = Debug|Any CPU
		{525B9C33-24CA-4DCD-96F3-A27213A8BC00}.Release|Any CPU.ActiveCfg = Release|Any CPU
		{525B9C33-24CA-4DCD-96F3-A27213A8BC00}.Release|Any CPU.Build.0 = Release|Any CPU
	EndGlobalSection
	GlobalSection(SolutionProperties) = preSolution
		HideSolutionNode = FALSE
	EndGlobalSection
	GlobalSection(ExtensibilityGlobals) = postSolution
		SolutionGuid = {9B1F4EBD-BACD-40A7-B143-D10458B74F08}
	EndGlobalSection
EndGlobal
